
Microsoft Visual Studio Solution File, Format Version 12.00
# Visual Studio Version 17
VisualStudioVersion = 17.8.34330.188
MinimumVisualStudioVersion = 10.0.40219.1
Project("{FAE04EC0-301F-11D3-BF4B-00C04F79EFBC}") = "EncapsulationDemoCSharp-43", "EncapsulationDemoCSharp-43\EncapsulationDemoCSharp-43.csproj", "{20E59BE9-CB2B-4DD6-951F-06205D87249E}"
EndProject
Global
	GlobalSection(SolutionConfigurationPlatforms) = preSolution
		Debug|Any CPU = Debug|Any CPU
		Release|Any CPU = Release|Any CPU
	EndGlobalSection
	GlobalSection(ProjectConfigurationPlatforms) = postSolution
		{20E59BE9-CB2B-4DD6-951F-06205D87249E}.Debug|Any CPU.ActiveCfg = Debug|Any CPU
		{20E59BE9-CB2B-4DD6-951F-06205D87249E}.Debug|Any CPU.Build.0 = Debug|Any CPU
		{20E59BE9-CB2B-4DD6-951F-06205D87249E}.Release|Any CPU.ActiveCfg = Release|Any CPU
		{20E59BE9-CB2B-4DD6-951F-06205D87249E}.Release|Any CPU.Build.0 = Release|Any CPU
	EndGlobalSection
	GlobalSection(SolutionProperties) = preSolution
		HideSolutionNode = FALSE
	EndGlobalSection
	GlobalSection(ExtensibilityGlobals) = postSolution
		SolutionGuid = {21C42234-AF57-4DE1-ABB3-D6EE5117D941}
	EndGlobalSection
EndGlobal
